
Microsoft Visual Studio Solution File, Format Version 12.00
# Visual Studio 15
VisualStudioVersion = 15.0.27703.2042
MinimumVisualStudioVersion = 10.0.40219.1
Project("{8BC9CEB8-8B4A-11D0-8D11-00A0C91BC942}") = "lzw-shc-windows", "lzw-shc-windows\lzw-shc-windows.vcxproj", "{F2EDC743-3916-4184-97D8-353769F74947}"
EndProject
Global
	GlobalSection(SolutionConfigurationPlatforms) = preSolution
		Debug|x64 = Debug|x64
		Debug|x86 = Debug|x86
		Release|x64 = Release|x64
		Release|x86 = Release|x86
	EndGlobalSection
	GlobalSection(ProjectConfigurationPlatforms) = postSolution
		{F2EDC743-3916-4184-97D8-353769F74947}.Debug|x64.ActiveCfg = Debug|x64
		{F2EDC743-3916-4184-97D8-353769F74947}.Debug|x64.Build.0 = Debug|x64
		{F2EDC743-3916-4184-97D8-353769F74947}.Debug|x86.ActiveCfg = Debug|Win32
		{F2EDC743-3916-4184-97D8-353769F74947}.Debug|x86.Build.0 = Debug|Win32
		{F2EDC743-3916-4184-97D8-353769F74947}.Release|x64.ActiveCfg = Release|x64
		{F2EDC743-3916-4184-97D8-353769F74947}.Release|x64.Build.0 = Release|x64
		{F2EDC743-3916-4184-97D8-353769F74947}.Release|x86.ActiveCfg = Release|Win32
		{F2EDC743-3916-4184-97D8-353769F74947}.Release|x86.Build.0 = Release|Win32
	EndGlobalSection
	GlobalSection(SolutionProperties) = preSolution
		HideSolutionNode = FALSE
	EndGlobalSection
	GlobalSection(ExtensibilityGlobals) = postSolution
		SolutionGuid = {013E5F50-AD1B-40E1-8FB0-C53AE533DB9C}
	EndGlobalSection
EndGlobal
